// !$*UTF8*$!
{
	archiveVersion = 1;
	classes = {
	};
	objectVersion = 50;
	objects = {

/* Begin PBXBuildFile section */
		7454B1E726646AA8009E46EA /* AppDelegate.swift in Sources */ = {isa = PBXBuildFile; fileRef = 7454B1E626646AA8009E46EA /* AppDelegate.swift */; };
		7454B1E926646AA8009E46EA /* SceneDelegate.swift in Sources */ = {isa = PBXBuildFile; fileRef = 7454B1E826646AA8009E46EA /* SceneDelegate.swift */; };
		7454B1EB26646AA8009E46EA /* ViewController.swift in Sources */ = {isa = PBXBuildFile; fileRef = 7454B1EA26646AA8009E46EA /* ViewController.swift */; };
		7454B1EE26646AA8009E46EA /* Main.storyboard in Resources */ = {isa = PBXBuildFile; fileRef = 7454B1EC26646AA8009E46EA /* Main.storyboard */; };
		7454B1F026646AA8009E46EA /* Assets.xcassets in Resources */ = {isa = PBXBuildFile; fileRef = 7454B1EF26646AA8009E46EA /* Assets.xcassets */; };
		7454B1F326646AA8009E46EA /* LaunchScreen.storyboard in Resources */ = {isa = PBXBuildFile; fileRef = 7454B1F126646AA8009E46EA /* LaunchScreen.storyboard */; };
		7454B1FE26646AA8009E46EA /* mineServer001Tests.swift in Sources */ = {isa = PBXBuildFile; fileRef = 7454B1FD26646AA8009E46EA /* mineServer001Tests.swift */; };
		7454B20926646AA8009E46EA /* mineServer001UITests.swift in Sources */ = {isa = PBXBuildFile; fileRef = 7454B20826646AA8009E46EA /* mineServer001UITests.swift */; };
		7454B2222664CDD6009E46EA /* mineJSON.swift in Sources */ = {isa = PBXBuildFile; fileRef = 7454B2212664CDD6009E46EA /* mineJSON.swift */; };
		74E4D7682669B00E00EBEA90 /* mineData.swift in Sources */ = {isa = PBXBuildFile; fileRef = 74E4D7672669B00E00EBEA90 /* mineData.swift */; };
/* End PBXBuildFile section */

/* Begin PBXContainerItemProxy section */
		7454B1FA26646AA8009E46EA /* PBXContainerItemProxy */ = {
			isa = PBXContainerItemProxy;
			containerPortal = 7454B1DB26646AA8009E46EA /* Project object */;
			proxyType = 1;
			remoteGlobalIDString = 7454B1E226646AA8009E46EA;
			remoteInfo = mineServer001;
		};
		7454B20526646AA8009E46EA /* PBXContainerItemProxy */ = {
			isa = PBXContainerItemProxy;
			containerPortal = 7454B1DB26646AA8009E46EA /* Project object */;
			proxyType = 1;
			remoteGlobalIDString = 7454B1E226646AA8009E46EA;
			remoteInfo = mineServer001;
		};
/* End PBXContainerItemProxy section */

/* Begin PBXFileReference section */
		7454B1E326646AA8009E46EA /* mineServer001.app */ = {isa = PBXFileReference; explicitFileType = wrapper.application; includeInIndex = 0; path = mineServer001.app; sourceTree = BUILT_PRODUCTS_DIR; };
		7454B1E626646AA8009E46EA /* AppDelegate.swift */ = {isa = PBXFileReference; lastKnownFileType = sourcecode.swift; path = AppDelegate.swift; sourceTree = "<group>"; };
		7454B1E826646AA8009E46EA /* SceneDelegate.swift */ = {isa = PBXFileReference; lastKnownFileType = sourcecode.swift; path = SceneDelegate.swift; sourceTree = "<group>"; };
		7454B1EA26646AA8009E46EA /* ViewController.swift */ = {isa = PBXFileReference; lastKnownFileType = sourcecode.swift; path = ViewController.swift; sourceTree = "<group>"; };
		7454B1ED26646AA8009E46EA /* Base */ = {isa = PBXFileReference; lastKnownFileType = file.storyboard; name = Base; path = Base.lproj/Main.storyboard; sourceTree = "<group>"; };
		7454B1EF26646AA8009E46EA /* Assets.xcassets */ = {isa = PBXFileReference; lastKnownFileType = folder.assetcatalog; path = Assets.xcassets; sourceTree = "<group>"; };
		7454B1F226646AA8009E46EA /* Base */ = {isa = PBXFileReference; lastKnownFileType = file.storyboard; name = Base; path = Base.lproj/LaunchScreen.storyboard; sourceTree = "<group>"; };
		7454B1F426646AA8009E46EA /* Info.plist */ = {isa = PBXFileReference; lastKnownFileType = text.plist.xml; path = Info.plist; sourceTree = "<group>"; };
		7454B1F926646AA8009E46EA /* mineServer001Tests.xctest */ = {isa = PBXFileReference; explicitFileType = wrapper.cfbundle; includeInIndex = 0; path = mineServer001Tests.xctest; sourceTree = BUILT_PRODUCTS_DIR; };
		7454B1FD26646AA8009E46EA /* mineServer001Tests.swift */ = {isa = PBXFileReference; lastKnownFileType = sourcecode.swift; path = mineServer001Tests.swift; sourceTree = "<group>"; };
		7454B1FF26646AA8009E46EA /* Info.plist */ = {isa = PBXFileReference; lastKnownFileType = text.plist.xml; path = Info.plist; sourceTree = "<group>"; };
		7454B20426646AA8009E46EA /* mineServer001UITests.xctest */ = {isa = PBXFileReference; explicitFileType = wrapper.cfbundle; includeInIndex = 0; path = mineServer001UITests.xctest; sourceTree = BUILT_PRODUCTS_DIR; };
		7454B20826646AA8009E46EA /* mineServer001UITests.swift */ = {isa = PBXFileReference; lastKnownFileType = sourcecode.swift; path = mineServer001UITests.swift; sourceTree = "<group>"; };
		7454B20A26646AA8009E46EA /* Info.plist */ = {isa = PBXFileReference; lastKnownFileType = text.plist.xml; path = Info.plist; sourceTree = "<group>"; };
		7454B2212664CDD6009E46EA /* mineJSON.swift */ = {isa = PBXFileReference; lastKnownFileType = sourcecode.swift; path = mineJSON.swift; sourceTree = "<group>"; };
		74E4D7672669B00E00EBEA90 /* mineData.swift */ = {isa = PBXFileReference; lastKnownFileType = sourcecode.swift; path = mineData.swift; sourceTree = "<group>"; };
/* End PBXFileReference section */

/* Begin PBXFrameworksBuildPhase section */
		7454B1E026646AA8009E46EA /* Frameworks */ = {
			isa = PBXFrameworksBuildPhase;
			buildActionMask = 2147483647;
			files = (
			);
			runOnlyForDeploymentPostprocessing = 0;
		};
		7454B1F626646AA8009E46EA /* Frameworks */ = {
			isa = PBXFrameworksBuildPhase;
			buildActionMask = 2147483647;
			files = (
			);
			runOnlyForDeploymentPostprocessing = 0;
		};
		7454B20126646AA8009E46EA /* Frameworks */ = {
			isa = PBXFrameworksBuildPhase;
			buildActionMask = 2147483647;
			files = (
			);
			runOnlyForDeploymentPostprocessing = 0;
		};
/* End PBXFrameworksBuildPhase section */

/* Begin PBXGroup section */
		7454B1DA26646AA8009E46EA = {
			isa = PBXGroup;
			children = (
				7454B1E526646AA8009E46EA /* mineServer001 */,
				7454B1FC26646AA8009E46EA /* mineServer001Tests */,
				7454B20726646AA8009E46EA /* mineServer001UITests */,
				7454B1E426646AA8009E46EA /* Products */,
			);
			sourceTree = "<group>";
		};
		7454B1E426646AA8009E46EA /* Products */ = {
			isa = PBXGroup;
			children = (
				7454B1E326646AA8009E46EA /* mineServer001.app */,
				7454B1F926646AA8009E46EA /* mineServer001Tests.xctest */,
				7454B20426646AA8009E46EA /* mineServer001UITests.xctest */,
			);
			name = Products;
			sourceTree = "<group>";
		};
		7454B1E526646AA8009E46EA /* mineServer001 */ = {
			isa = PBXGroup;
			children = (
				7454B1E626646AA8009E46EA /* AppDelegate.swift */,
				7454B1E826646AA8009E46EA /* SceneDelegate.swift */,
				7454B1EA26646AA8009E46EA /* ViewController.swift */,
				7454B1EC26646AA8009E46EA /* Main.storyboard */,
				7454B1EF26646AA8009E46EA /* Assets.xcassets */,
				7454B1F126646AA8009E46EA /* LaunchScreen.storyboard */,
				7454B1F426646AA8009E46EA /* Info.plist */,
				7454B2212664CDD6009E46EA /* mineJSON.swift */,
				74E4D7672669B00E00EBEA90 /* mineData.swift */,
			);
			path = mineServer001;
			sourceTree = "<group>";
		};
		7454B1FC26646AA8009E46EA /* mineServer001Tests */ = {
			isa = PBXGroup;
			children = (
				7454B1FD26646AA8009E46EA /* mineServer001Tests.swift */,
				7454B1FF26646AA8009E46EA /* Info.plist */,
			);
			path = mineServer001Tests;
			sourceTree = "<group>";
		};
		7454B20726646AA8009E46EA /* mineServer001UITests */ = {
			isa = PBXGroup;
			children = (
				7454B20826646AA8009E46EA /* mineServer001UITests.swift */,
				7454B20A26646AA8009E46EA /* Info.plist */,
			);
			path = mineServer001UITests;
			sourceTree = "<group>";
		};
/* End PBXGroup section */

/* Begin PBXNativeTarget section */
		7454B1E226646AA8009E46EA /* mineServer001 */ = {
			isa = PBXNativeTarget;
			buildConfigurationList = 7454B20D26646AA8009E46EA /* Build configuration list for PBXNativeTarget "mineServer001" */;
			buildPhases = (
				7454B1DF26646AA8009E46EA /* Sources */,
				7454B1E026646AA8009E46EA /* Frameworks */,
				7454B1E126646AA8009E46EA /* Resources */,
			);
			buildRules = (
			);
			dependencies = (
			);
			name = mineServer001;
			productName = mineServer001;
			productReference = 7454B1E326646AA8009E46EA /* mineServer001.app */;
			productType = "com.apple.product-type.application";
		};
		7454B1F826646AA8009E46EA /* mineServer001Tests */ = {
			isa = PBXNativeTarget;
			buildConfigurationList = 7454B21026646AA8009E46EA /* Build configuration list for PBXNativeTarget "mineServer001Tests" */;
			buildPhases = (
				7454B1F526646AA8009E46EA /* Sources */,
				7454B1F626646AA8009E46EA /* Frameworks */,
				7454B1F726646AA8009E46EA /* Resources */,
			);
			buildRules = (
			);
			dependencies = (
				7454B1FB26646AA8009E46EA /* PBXTargetDependency */,
			);
			name = mineServer001Tests;
			productName = mineServer001Tests;
			productReference = 7454B1F926646AA8009E46EA /* mineServer001Tests.xctest */;
			productType = "com.apple.product-type.bundle.unit-test";
		};
		7454B20326646AA8009E46EA /* mineServer001UITests */ = {
			isa = PBXNativeTarget;
			buildConfigurationList = 7454B21326646AA8009E46EA /* Build configuration list for PBXNativeTarget "mineServer001UITests" */;
			buildPhases = (
				7454B20026646AA8009E46EA /* Sources */,
				7454B20126646AA8009E46EA /* Frameworks */,
				7454B20226646AA8009E46EA /* Resources */,
			);
			buildRules = (
			);
			dependencies = (
				7454B20626646AA8009E46EA /* PBXTargetDependency */,
			);
			name = mineServer001UITests;
			productName = mineServer001UITests;
			productReference = 7454B20426646AA8009E46EA /* mineServer001UITests.xctest */;
			productType = "com.apple.product-type.bundle.ui-testing";
		};
/* End PBXNativeTarget section */

/* Begin PBXProject section */
		7454B1DB26646AA8009E46EA /* Project object */ = {
			isa = PBXProject;
			attributes = {
				LastSwiftUpdateCheck = 1240;
				LastUpgradeCheck = 1240;
				TargetAttributes = {
					7454B1E226646AA8009E46EA = {
						CreatedOnToolsVersion = 12.4;
					};
					7454B1F826646AA8009E46EA = {
						CreatedOnToolsVersion = 12.4;
						TestTargetID = 7454B1E226646AA8009E46EA;
					};
					7454B20326646AA8009E46EA = {
						CreatedOnToolsVersion = 12.4;
						TestTargetID = 7454B1E226646AA8009E46EA;
					};
				};
			};
			buildConfigurationList = 7454B1DE26646AA8009E46EA /* Build configuration list for PBXProject "mineServer001" */;
			compatibilityVersion = "Xcode 9.3";
			developmentRegion = en;
			hasScannedForEncodings = 0;
			knownRegions = (
				en,
				Base,
			);
			mainGroup = 7454B1DA26646AA8009E46EA;
			productRefGroup = 7454B1E426646AA8009E46EA /* Products */;
			projectDirPath = "";
			projectRoot = "";
			targets = (
				7454B1E226646AA8009E46EA /* mineServer001 */,
				7454B1F826646AA8009E46EA /* mineServer001Tests */,
				7454B20326646AA8009E46EA /* mineServer001UITests */,
			);
		};
/* End PBXProject section */

/* Begin PBXResourcesBuildPhase section */
		7454B1E126646AA8009E46EA /* Resources */ = {
			isa = PBXResourcesBuildPhase;
			buildActionMask = 2147483647;
			files = (
				7454B1F326646AA8009E46EA /* LaunchScreen.storyboard in Resources */,
				7454B1F026646AA8009E46EA /* Assets.xcassets in Resources */,
				7454B1EE26646AA8009E46EA /* Main.storyboard in Resources */,
			);
			runOnlyForDeploymentPostprocessing = 0;
		};
		7454B1F726646AA8009E46EA /* Resources */ = {
			isa = PBXResourcesBuildPhase;
			buildActionMask = 2147483647;
			files = (
			);
			runOnlyForDeploymentPostprocessing = 0;
		};
		7454B20226646AA8009E46EA /* Resources */ = {
			isa = PBXResourcesBuildPhase;
			buildActionMask = 2147483647;
			files = (
			);
			runOnlyForDeploymentPostprocessing = 0;
		};
/* End PBXResourcesBuildPhase section */

/* Begin PBXSourcesBuildPhase section */
		7454B1DF26646AA8009E46EA /* Sources */ = {
			isa = PBXSourcesBuildPhase;
			buildActionMask = 2147483647;
			files = (
				7454B2222664CDD6009E46EA /* mineJSON.swift in Sources */,
				7454B1EB26646AA8009E46EA /* ViewController.swift in Sources */,
				7454B1E726646AA8009E46EA /* AppDelegate.swift in Sources */,
				7454B1E926646AA8009E46EA /* SceneDelegate.swift in Sources */,
				74E4D7682669B00E00EBEA90 /* mineData.swift in Sources */,
			);
			runOnlyForDeploymentPostprocessing = 0;
		};
		7454B1F526646AA8009E46EA /* Sources */ = {
			isa = PBXSourcesBuildPhase;
			buildActionMask = 2147483647;
			files = (
				7454B1FE26646AA8009E46EA /* mineServer001Tests.swift in Sources */,
			);
			runOnlyForDeploymentPostprocessing = 0;
		};
		7454B20026646AA8009E46EA /* Sources */ = {
			isa = PBXSourcesBuildPhase;
			buildActionMask = 2147483647;
			files = (
				7454B20926646AA8009E46EA /* mineServer001UITests.swift in Sources */,
			);
			runOnlyForDeploymentPostprocessing = 0;
		};
/* End PBXSourcesBuildPhase section */

/* Begin PBXTargetDependency section */
		7454B1FB26646AA8009E46EA /* PBXTargetDependency */ = {
			isa = PBXTargetDependency;
			target = 7454B1E226646AA8009E46EA /* mineServer001 */;
			targetProxy = 7454B1FA26646AA8009E46EA /* PBXContainerItemProxy */;
		};
		7454B20626646AA8009E46EA /* PBXTargetDependency */ = {
			isa = PBXTargetDependency;
			target = 7454B1E226646AA8009E46EA /* mineServer001 */;
			targetProxy = 7454B20526646AA8009E46EA /* PBXContainerItemProxy */;
		};
/* End PBXTargetDependency section */

/* Begin PBXVariantGroup section */
		7454B1EC26646AA8009E46EA /* Main.storyboard */ = {
			isa = PBXVariantGroup;
			children = (
				7454B1ED26646AA8009E46EA /* Base */,
			);
			name = Main.storyboard;
			sourceTree = "<group>";
		};
		7454B1F126646AA8009E46EA /* LaunchScreen.storyboard */ = {
			isa = PBXVariantGroup;
			children = (
				7454B1F226646AA8009E46EA /* Base */,
			);
			name = LaunchScreen.storyboard;
			sourceTree = "<group>";
		};
/* End PBXVariantGroup section */

/* Begin XCBuildConfiguration section */
		7454B20B26646AA8009E46EA /* Debug */ = {
			isa = XCBuildConfiguration;
			buildSettings = {
				ALWAYS_SEARCH_USER_PATHS = NO;
				CLANG_ANALYZER_NONNULL = YES;
				CLANG_ANALYZER_NUMBER_OBJECT_CONVERSION = YES_AGGRESSIVE;
				CLANG_CXX_LANGUAGE_STANDARD = "gnu++14";
				CLANG_CXX_LIBRARY = "libc++";
				CLANG_ENABLE_MODULES = YES;
				CLANG_ENABLE_OBJC_ARC = YES;
				CLANG_ENABLE_OBJC_WEAK = YES;
				CLANG_WARN_BLOCK_CAPTURE_AUTORELEASING = YES;
				CLANG_WARN_BOOL_CONVERSION = YES;
				CLANG_WARN_COMMA = YES;
				CLANG_WARN_CONSTANT_CONVERSION = YES;
				CLANG_WARN_DEPRECATED_OBJC_IMPLEMENTATIONS = YES;
				CLANG_WARN_DIRECT_OBJC_ISA_USAGE = YES_ERROR;
				CLANG_WARN_DOCUMENTATION_COMMENTS = YES;
				CLANG_WARN_EMPTY_BODY = YES;
				CLANG_WARN_ENUM_CONVERSION = YES;
				CLANG_WARN_INFINITE_RECURSION = YES;
				CLANG_WARN_INT_CONVERSION = YES;
				CLANG_WARN_NON_LITERAL_NULL_CONVERSION = YES;
				CLANG_WARN_OBJC_IMPLICIT_RETAIN_SELF = YES;
				CLANG_WARN_OBJC_LITERAL_CONVERSION = YES;
				CLANG_WARN_OBJC_ROOT_CLASS = YES_ERROR;
				CLANG_WARN_QUOTED_INCLUDE_IN_FRAMEWORK_HEADER = YES;
				CLANG_WARN_RANGE_LOOP_ANALYSIS = YES;
				CLANG_WARN_STRICT_PROTOTYPES = YES;
				CLANG_WARN_SUSPICIOUS_MOVE = YES;
				CLANG_WARN_UNGUARDED_AVAILABILITY = YES_AGGRESSIVE;
				CLANG_WARN_UNREACHABLE_CODE = YES;
				CLANG_WARN__DUPLICATE_METHOD_MATCH = YES;
				COPY_PHASE_STRIP = NO;
				DEBUG_INFORMATION_FORMAT = dwarf;
				ENABLE_STRICT_OBJC_MSGSEND = YES;
				ENABLE_TESTABILITY = YES;
				GCC_C_LANGUAGE_STANDARD = gnu11;
				GCC_DYNAMIC_NO_PIC = NO;
				GCC_NO_COMMON_BLOCKS = YES;
				GCC_OPTIMIZATION_LEVEL = 0;
				GCC_PREPROCESSOR_DEFINITIONS = (
					"DEBUG=1",
					"$(inherited)",
				);
				GCC_WARN_64_TO_32_BIT_CONVERSION = YES;
				GCC_WARN_ABOUT_RETURN_TYPE = YES_ERROR;
				GCC_WARN_UNDECLARED_SELECTOR = YES;
				GCC_WARN_UNINITIALIZED_AUTOS = YES_AGGRESSIVE;
				GCC_WARN_UNUSED_FUNCTION = YES;
				GCC_WARN_UNUSED_VARIABLE = YES;
				IPHONEOS_DEPLOYMENT_TARGET = 14.4;
				MTL_ENABLE_DEBUG_INFO = INCLUDE_SOURCE;
				MTL_FAST_MATH = YES;
				ONLY_ACTIVE_ARCH = YES;
				SDKROOT = iphoneos;
				SWIFT_ACTIVE_COMPILATION_CONDITIONS = DEBUG;
				SWIFT_OPTIMIZATION_LEVEL = "-Onone";
			};
			name = Debug;
		};
		7454B20C26646AA8009E46EA /* Release */ = {
			isa = XCBuildConfiguration;
			buildSettings = {
				ALWAYS_SEARCH_USER_PATHS = NO;
				CLANG_ANALYZER_NONNULL = YES;
				CLANG_ANALYZER_NUMBER_OBJECT_CONVERSION = YES_AGGRESSIVE;
				CLANG_CXX_LANGUAGE_STANDARD = "gnu++14";
				CLANG_CXX_LIBRARY = "libc++";
				CLANG_ENABLE_MODULES = YES;
				CLANG_ENABLE_OBJC_ARC = YES;
				CLANG_ENABLE_OBJC_WEAK = YES;
				CLANG_WARN_BLOCK_CAPTURE_AUTORELEASING = YES;
				CLANG_WARN_BOOL_CONVERSION = YES;
				CLANG_WARN_COMMA = YES;
				CLANG_WARN_CONSTANT_CONVERSION = YES;
				CLANG_WARN_DEPRECATED_OBJC_IMPLEMENTATIONS = YES;
				CLANG_WARN_DIRECT_OBJC_ISA_USAGE = YES_ERROR;
				CLANG_WARN_DOCUMENTATION_COMMENTS = YES;
				CLANG_WARN_EMPTY_BODY = YES;
				CLANG_WARN_ENUM_CONVERSION = YES;
				CLANG_WARN_INFINITE_RECURSION = YES;
				CLANG_WARN_INT_CONVERSION = YES;
				CLANG_WARN_NON_LITERAL_NULL_CONVERSION = YES;
				CLANG_WARN_OBJC_IMPLICIT_RETAIN_SELF = YES;
				CLANG_WARN_OBJC_LITERAL_CONVERSION = YES;
				CLANG_WARN_OBJC_ROOT_CLASS = YES_ERROR;
				CLANG_WARN_QUOTED_INCLUDE_IN_FRAMEWORK_HEADER = YES;
				CLANG_WARN_RANGE_LOOP_ANALYSIS = YES;
				CLANG_WARN_STRICT_PROTOTYPES = YES;
				CLANG_WARN_SUSPICIOUS_MOVE = YES;
				CLANG_WARN_UNGUARDED_AVAILABILITY = YES_AGGRESSIVE;
				CLANG_WARN_UNREACHABLE_CODE = YES;
				CLANG_WARN__DUPLICATE_METHOD_MATCH = YES;
				COPY_PHASE_STRIP = NO;
				DEBUG_INFORMATION_FORMAT = "dwarf-with-dsym";
				ENABLE_NS_ASSERTIONS = NO;
				ENABLE_STRICT_OBJC_MSGSEND = YES;
				GCC_C_LANGUAGE_STANDARD = gnu11;
				GCC_NO_COMMON_BLOCKS = YES;
				GCC_WARN_64_TO_32_BIT_CONVERSION = YES;
				GCC_WARN_ABOUT_RETURN_TYPE = YES_ERROR;
				GCC_WARN_UNDECLARED_SELECTOR = YES;
				GCC_WARN_UNINITIALIZED_AUTOS = YES_AGGRESSIVE;
				GCC_WARN_UNUSED_FUNCTION = YES;
				GCC_WARN_UNUSED_VARIABLE = YES;
				IPHONEOS_DEPLOYMENT_TARGET = 14.4;
				MTL_ENABLE_DEBUG_INFO = NO;
				MTL_FAST_MATH = YES;
				SDKROOT = iphoneos;
				SWIFT_COMPILATION_MODE = wholemodule;
				SWIFT_OPTIMIZATION_LEVEL = "-O";
				VALIDATE_PRODUCT = YES;
			};
			name = Release;
		};
		7454B20E26646AA8009E46EA /* Debug */ = {
			isa = XCBuildConfiguration;
			buildSettings = {
				ASSETCATALOG_COMPILER_APPICON_NAME = AppIcon;
				ASSETCATALOG_COMPILER_GLOBAL_ACCENT_COLOR_NAME = AccentColor;
				CODE_SIGN_STYLE = Automatic;
				DEVELOPMENT_TEAM = 9P8G2HGF4A;
				INFOPLIST_FILE = mineServer001/Info.plist;
				LD_RUNPATH_SEARCH_PATHS = (
					"$(inherited)",
					"@executable_path/Frameworks",
				);
				PRODUCT_BUNDLE_IDENTIFIER = mineServer005.mineServer001;
				PRODUCT_NAME = "$(TARGET_NAME)";
				SWIFT_VERSION = 5.0;
				TARGETED_DEVICE_FAMILY = "1,2";
			};
			name = Debug;
		};
		7454B20F26646AA8009E46EA /* Release */ = {
			isa = XCBuildConfiguration;
			buildSettings = {
				ASSETCATALOG_COMPILER_APPICON_NAME = AppIcon;
				ASSETCATALOG_COMPILER_GLOBAL_ACCENT_COLOR_NAME = AccentColor;
				CODE_SIGN_STYLE = Automatic;
				DEVELOPMENT_TEAM = 9P8G2HGF4A;
				INFOPLIST_FILE = mineServer001/Info.plist;
				LD_RUNPATH_SEARCH_PATHS = (
					"$(inherited)",
					"@executable_path/Frameworks",
				);
				PRODUCT_BUNDLE_IDENTIFIER = mineServer005.mineServer001;
				PRODUCT_NAME = "$(TARGET_NAME)";
				SWIFT_VERSION = 5.0;
				TARGETED_DEVICE_FAMILY = "1,2";
			};
			name = Release;
		};
		7454B21126646AA8009E46EA /* Debug */ = {
			isa = XCBuildConfiguration;
			buildSettings = {
				ALWAYS_EMBED_SWIFT_STANDARD_LIBRARIES = YES;
				BUNDLE_LOADER = "$(TEST_HOST)";
				CODE_SIGN_STYLE = Automatic;
				DEVELOPMENT_TEAM = 9P8G2HGF4A;
				INFOPLIST_FILE = mineServer001Tests/Info.plist;
				IPHONEOS_DEPLOYMENT_TARGET = 14.4;
				LD_RUNPATH_SEARCH_PATHS = (
					"$(inherited)",
					"@executable_path/Frameworks",
					"@loader_path/Frameworks",
				);
				PRODUCT_BUNDLE_IDENTIFIER = mineServer005.mineServer001Tests;
				PRODUCT_NAME = "$(TARGET_NAME)";
				SWIFT_VERSION = 5.0;
				TARGETED_DEVICE_FAMILY = "1,2";
				TEST_HOST = "$(BUILT_PRODUCTS_DIR)/mineServer001.app/mineServer001";
			};
			name = Debug;
		};
		7454B21226646AA8009E46EA /* Release */ = {
			isa = XCBuildConfiguration;
			buildSettings = {
				ALWAYS_EMBED_SWIFT_STANDARD_LIBRARIES = YES;
				BUNDLE_LOADER = "$(TEST_HOST)";
				CODE_SIGN_STYLE = Automatic;
				DEVELOPMENT_TEAM = 9P8G2HGF4A;
				INFOPLIST_FILE = mineServer001Tests/Info.plist;
				IPHONEOS_DEPLOYMENT_TARGET = 14.4;
				LD_RUNPATH_SEARCH_PATHS = (
					"$(inherited)",
					"@executable_path/Frameworks",
					"@loader_path/Frameworks",
				);
				PRODUCT_BUNDLE_IDENTIFIER = mineServer005.mineServer001Tests;
				PRODUCT_NAME = "$(TARGET_NAME)";
				SWIFT_VERSION = 5.0;
				TARGETED_DEVICE_FAMILY = "1,2";
				TEST_HOST = "$(BUILT_PRODUCTS_DIR)/mineServer001.app/mineServer001";
			};
			name = Release;
		};
		7454B21426646AA8009E46EA /* Debug */ = {
			isa = XCBuildConfiguration;
			buildSettings = {
				ALWAYS_EMBED_SWIFT_STANDARD_LIBRARIES = YES;
				CODE_SIGN_STYLE = Automatic;
				DEVELOPMENT_TEAM = 9P8G2HGF4A;
				INFOPLIST_FILE = mineServer001UITests/Info.plist;
				LD_RUNPATH_SEARCH_PATHS = (
					"$(inherited)",
					"@executable_path/Frameworks",
					"@loader_path/Frameworks",
				);
				PRODUCT_BUNDLE_IDENTIFIER = mineServer005.mineServer001UITests;
				PRODUCT_NAME = "$(TARGET_NAME)";
				SWIFT_VERSION = 5.0;
				TARGETED_DEVICE_FAMILY = "1,2";
				TEST_TARGET_NAME = mineServer001;
			};
			name = Debug;
		};
		7454B21526646AA8009E46EA /* Release */ = {
			isa = XCBuildConfiguration;
			buildSettings = {
				ALWAYS_EMBED_SWIFT_STANDARD_LIBRARIES = YES;
				CODE_SIGN_STYLE = Automatic;
				DEVELOPMENT_TEAM = 9P8G2HGF4A;
				INFOPLIST_FILE = mineServer001UITests/Info.plist;
				LD_RUNPATH_SEARCH_PATHS = (
					"$(inherited)",
					"@executable_path/Frameworks",
					"@loader_path/Frameworks",
				);
				PRODUCT_BUNDLE_IDENTIFIER = mineServer005.mineServer001UITests;
				PRODUCT_NAME = "$(TARGET_NAME)";
				SWIFT_VERSION = 5.0;
				TARGETED_DEVICE_FAMILY = "1,2";
				TEST_TARGET_NAME = mineServer001;
			};
			name = Release;
		};
/* End XCBuildConfiguration section */

/* Begin XCConfigurationList section */
		7454B1DE26646AA8009E46EA /* Build configuration list for PBXProject "mineServer001" */ = {
			isa = XCConfigurationList;
			buildConfigurations = (
				7454B20B26646AA8009E46EA /* Debug */,
				7454B20C26646AA8009E46EA /* Release */,
			);
			defaultConfigurationIsVisible = 0;
			defaultConfigurationName = Release;
		};
		7454B20D26646AA8009E46EA /* Build configuration list for PBXNativeTarget "mineServer001" */ = {
			isa = XCConfigurationList;
			buildConfigurations = (
				7454B20E26646AA8009E46EA /* Debug */,
				7454B20F26646AA8009E46EA /* Release */,
			);
			defaultConfigurationIsVisible = 0;
			defaultConfigurationName = Release;
		};
		7454B21026646AA8009E46EA /* Build configuration list for PBXNativeTarget "mineServer001Tests" */ = {
			isa = XCConfigurationList;
			buildConfigurations = (
				7454B21126646AA8009E46EA /* Debug */,
				7454B21226646AA8009E46EA /* Release */,
			);
			defaultConfigurationIsVisible = 0;
			defaultConfigurationName = Release;
		};
		7454B21326646AA8009E46EA /* Build configuration list for PBXNativeTarget "mineServer001UITests" */ = {
			isa = XCConfigurationList;
			buildConfigurations = (
				7454B21426646AA8009E46EA /* Debug */,
				7454B21526646AA8009E46EA /* Release */,
			);
			defaultConfigurationIsVisible = 0;
			defaultConfigurationName = Release;
		};
/* End XCConfigurationList section */
	};
	rootObject = 7454B1DB26646AA8009E46EA /* Project object */;
}
